// !$*UTF8*$!
{
	archiveVersion = 1;
	classes = {
	};
	objectVersion = 46;
	objects = {

/* Begin PBXBuildFile section */
		8BEED88F1A3F091500FF16F4 /* main.m in Sources */ = {isa = PBXBuildFile; fileRef = 8BEED88E1A3F091500FF16F4 /* main.m */; };
		8BEED8921A3F091500FF16F4 /* AppDelegate.m in Sources */ = {isa = PBXBuildFile; fileRef = 8BEED8911A3F091500FF16F4 /* AppDelegate.m */; };
		8BEED8951A3F091500FF16F4 /* ViewController.m in Sources */ = {isa = PBXBuildFile; fileRef = 8BEED8941A3F091500FF16F4 /* ViewController.m */; };
		8BEED8981A3F091500FF16F4 /* Main.storyboard in Resources */ = {isa = PBXBuildFile; fileRef = 8BEED8961A3F091500FF16F4 /* Main.storyboard */; };
		8BEED89A1A3F091500FF16F4 /* Images.xcassets in Resources */ = {isa = PBXBuildFile; fileRef = 8BEED8991A3F091500FF16F4 /* Images.xcassets */; };
		8BEED89D1A3F091500FF16F4 /* LaunchScreen.xib in Resources */ = {isa = PBXBuildFile; fileRef = 8BEED89B1A3F091500FF16F4 /* LaunchScreen.xib */; };
		8BEED8A91A3F091500FF16F4 /* Prototype1Tests.m in Sources */ = {isa = PBXBuildFile; fileRef = 8BEED8A81A3F091500FF16F4 /* Prototype1Tests.m */; };
		8BEED8BF1A3F7A4A00FF16F4 /* UITextViewWithMentions.m in Sources */ = {isa = PBXBuildFile; fileRef = 8BEED8BE1A3F7A4A00FF16F4 /* UITextViewWithMentions.m */; };
/* End PBXBuildFile section */

/* Begin PBXContainerItemProxy section */
		8BEED8A31A3F091500FF16F4 /* PBXContainerItemProxy */ = {
			isa = PBXContainerItemProxy;
			containerPortal = 8BEED8811A3F091400FF16F4 /* Project object */;
			proxyType = 1;
			remoteGlobalIDString = 8BEED8881A3F091400FF16F4;
			remoteInfo = Prototype1;
		};
/* End PBXContainerItemProxy section */

/* Begin PBXFileReference section */
		8BEED8891A3F091500FF16F4 /* Prototype1.app */ = {isa = PBXFileReference; explicitFileType = wrapper.application; includeInIndex = 0; path = Prototype1.app; sourceTree = BUILT_PRODUCTS_DIR; };
		8BEED88D1A3F091500FF16F4 /* Info.plist */ = {isa = PBXFileReference; lastKnownFileType = text.plist.xml; path = Info.plist; sourceTree = "<group>"; };
		8BEED88E1A3F091500FF16F4 /* main.m */ = {isa = PBXFileReference; lastKnownFileType = sourcecode.c.objc; path = main.m; sourceTree = "<group>"; };
		8BEED8901A3F091500FF16F4 /* AppDelegate.h */ = {isa = PBXFileReference; lastKnownFileType = sourcecode.c.h; path = AppDelegate.h; sourceTree = "<group>"; };
		8BEED8911A3F091500FF16F4 /* AppDelegate.m */ = {isa = PBXFileReference; lastKnownFileType = sourcecode.c.objc; path = AppDelegate.m; sourceTree = "<group>"; };
		8BEED8931A3F091500FF16F4 /* ViewController.h */ = {isa = PBXFileReference; lastKnownFileType = sourcecode.c.h; path = ViewController.h; sourceTree = "<group>"; };
		8BEED8941A3F091500FF16F4 /* ViewController.m */ = {isa = PBXFileReference; lastKnownFileType = sourcecode.c.objc; path = ViewController.m; sourceTree = "<group>"; };
		8BEED8971A3F091500FF16F4 /* Base */ = {isa = PBXFileReference; lastKnownFileType = file.storyboard; name = Base; path = Base.lproj/Main.storyboard; sourceTree = "<group>"; };
		8BEED8991A3F091500FF16F4 /* Images.xcassets */ = {isa = PBXFileReference; lastKnownFileType = folder.assetcatalog; path = Images.xcassets; sourceTree = "<group>"; };
		8BEED89C1A3F091500FF16F4 /* Base */ = {isa = PBXFileReference; lastKnownFileType = file.xib; name = Base; path = Base.lproj/LaunchScreen.xib; sourceTree = "<group>"; };
		8BEED8A21A3F091500FF16F4 /* Prototype1Tests.xctest */ = {isa = PBXFileReference; explicitFileType = wrapper.cfbundle; includeInIndex = 0; path = Prototype1Tests.xctest; sourceTree = BUILT_PRODUCTS_DIR; };
		8BEED8A71A3F091500FF16F4 /* Info.plist */ = {isa = PBXFileReference; lastKnownFileType = text.plist.xml; path = Info.plist; sourceTree = "<group>"; };
		8BEED8A81A3F091500FF16F4 /* Prototype1Tests.m */ = {isa = PBXFileReference; lastKnownFileType = sourcecode.c.objc; path = Prototype1Tests.m; sourceTree = "<group>"; };
		8BEED8BD1A3F7A4A00FF16F4 /* UITextViewWithMentions.h */ = {isa = PBXFileReference; fileEncoding = 4; lastKnownFileType = sourcecode.c.h; path = UITextViewWithMentions.h; sourceTree = "<group>"; };
		8BEED8BE1A3F7A4A00FF16F4 /* UITextViewWithMentions.m */ = {isa = PBXFileReference; fileEncoding = 4; lastKnownFileType = sourcecode.c.objc; path = UITextViewWithMentions.m; sourceTree = "<group>"; };
/* End PBXFileReference section */

/* Begin PBXFrameworksBuildPhase section */
		8BEED8861A3F091400FF16F4 /* Frameworks */ = {
			isa = PBXFrameworksBuildPhase;
			buildActionMask = 2147483647;
			files = (
			);
			runOnlyForDeploymentPostprocessing = 0;
		};
		8BEED89F1A3F091500FF16F4 /* Frameworks */ = {
			isa = PBXFrameworksBuildPhase;
			buildActionMask = 2147483647;
			files = (
			);
			runOnlyForDeploymentPostprocessing = 0;
		};
/* End PBXFrameworksBuildPhase section */

/* Begin PBXGroup section */
		8BEED8801A3F091400FF16F4 = {
			isa = PBXGroup;
			children = (
				8BEED88B1A3F091500FF16F4 /* Prototype1 */,
				8BEED8A51A3F091500FF16F4 /* Prototype1Tests */,
				8BEED88A1A3F091500FF16F4 /* Products */,
			);
			sourceTree = "<group>";
		};
		8BEED88A1A3F091500FF16F4 /* Products */ = {
			isa = PBXGroup;
			children = (
				8BEED8891A3F091500FF16F4 /* Prototype1.app */,
				8BEED8A21A3F091500FF16F4 /* Prototype1Tests.xctest */,
			);
			name = Products;
			sourceTree = "<group>";
		};
		8BEED88B1A3F091500FF16F4 /* Prototype1 */ = {
			isa = PBXGroup;
			children = (
				8BEED8901A3F091500FF16F4 /* AppDelegate.h */,
				8BEED8911A3F091500FF16F4 /* AppDelegate.m */,
				8BEED8931A3F091500FF16F4 /* ViewController.h */,
				8BEED8941A3F091500FF16F4 /* ViewController.m */,
				8BEED8961A3F091500FF16F4 /* Main.storyboard */,
				8BEED8991A3F091500FF16F4 /* Images.xcassets */,
				8BEED89B1A3F091500FF16F4 /* LaunchScreen.xib */,
				8BEED88C1A3F091500FF16F4 /* Supporting Files */,
				8BEED8BD1A3F7A4A00FF16F4 /* UITextViewWithMentions.h */,
				8BEED8BE1A3F7A4A00FF16F4 /* UITextViewWithMentions.m */,
			);
			path = Prototype1;
			sourceTree = "<group>";
		};
		8BEED88C1A3F091500FF16F4 /* Supporting Files */ = {
			isa = PBXGroup;
			children = (
				8BEED88D1A3F091500FF16F4 /* Info.plist */,
				8BEED88E1A3F091500FF16F4 /* main.m */,
			);
			name = "Supporting Files";
			sourceTree = "<group>";
		};
		8BEED8A51A3F091500FF16F4 /* Prototype1Tests */ = {
			isa = PBXGroup;
			children = (
				8BEED8A81A3F091500FF16F4 /* Prototype1Tests.m */,
				8BEED8A61A3F091500FF16F4 /* Supporting Files */,
			);
			path = Prototype1Tests;
			sourceTree = "<group>";
		};
		8BEED8A61A3F091500FF16F4 /* Supporting Files */ = {
			isa = PBXGroup;
			children = (
				8BEED8A71A3F091500FF16F4 /* Info.plist */,
			);
			name = "Supporting Files";
			sourceTree = "<group>";
		};
/* End PBXGroup section */

/* Begin PBXNativeTarget section */
		8BEED8881A3F091400FF16F4 /* Prototype1 */ = {
			isa = PBXNativeTarget;
			buildConfigurationList = 8BEED8AC1A3F091500FF16F4 /* Build configuration list for PBXNativeTarget "Prototype1" */;
			buildPhases = (
				8BEED8851A3F091400FF16F4 /* Sources */,
				8BEED8861A3F091400FF16F4 /* Frameworks */,
				8BEED8871A3F091400FF16F4 /* Resources */,
			);
			buildRules = (
			);
			dependencies = (
			);
			name = Prototype1;
			productName = Prototype1;
			productReference = 8BEED8891A3F091500FF16F4 /* Prototype1.app */;
			productType = "com.apple.product-type.application";
		};
		8BEED8A11A3F091500FF16F4 /* Prototype1Tests */ = {
			isa = PBXNativeTarget;
			buildConfigurationList = 8BEED8AF1A3F091500FF16F4 /* Build configuration list for PBXNativeTarget "Prototype1Tests" */;
			buildPhases = (
				8BEED89E1A3F091500FF16F4 /* Sources */,
				8BEED89F1A3F091500FF16F4 /* Frameworks */,
				8BEED8A01A3F091500FF16F4 /* Resources */,
			);
			buildRules = (
			);
			dependencies = (
				8BEED8A41A3F091500FF16F4 /* PBXTargetDependency */,
			);
			name = Prototype1Tests;
			productName = Prototype1Tests;
			productReference = 8BEED8A21A3F091500FF16F4 /* Prototype1Tests.xctest */;
			productType = "com.apple.product-type.bundle.unit-test";
		};
/* End PBXNativeTarget section */

/* Begin PBXProject section */
		8BEED8811A3F091400FF16F4 /* Project object */ = {
			isa = PBXProject;
			attributes = {
				LastUpgradeCheck = 0610;
				ORGANIZATIONNAME = "Gabriel Candia";
				TargetAttributes = {
					8BEED8881A3F091400FF16F4 = {
						CreatedOnToolsVersion = 6.1.1;
					};
					8BEED8A11A3F091500FF16F4 = {
						CreatedOnToolsVersion = 6.1.1;
						TestTargetID = 8BEED8881A3F091400FF16F4;
					};
				};
			};
			buildConfigurationList = 8BEED8841A3F091400FF16F4 /* Build configuration list for PBXProject "Prototype1" */;
			compatibilityVersion = "Xcode 3.2";
			developmentRegion = English;
			hasScannedForEncodings = 0;
			knownRegions = (
				en,
				Base,
			);
			mainGroup = 8BEED8801A3F091400FF16F4;
			productRefGroup = 8BEED88A1A3F091500FF16F4 /* Products */;
			projectDirPath = "";
			projectRoot = "";
			targets = (
				8BEED8881A3F091400FF16F4 /* Prototype1 */,
				8BEED8A11A3F091500FF16F4 /* Prototype1Tests */,
			);
		};
/* End PBXProject section */

/* Begin PBXResourcesBuildPhase section */
		8BEED8871A3F091400FF16F4 /* Resources */ = {
			isa = PBXResourcesBuildPhase;
			buildActionMask = 2147483647;
			files = (
				8BEED8981A3F091500FF16F4 /* Main.storyboard in Resources */,
				8BEED89D1A3F091500FF16F4 /* LaunchScreen.xib in Resources */,
				8BEED89A1A3F091500FF16F4 /* Images.xcassets in Resources */,
			);
			runOnlyForDeploymentPostprocessing = 0;
		};
		8BEED8A01A3F091500FF16F4 /* Resources */ = {
			isa = PBXResourcesBuildPhase;
			buildActionMask = 2147483647;
			files = (
			);
			runOnlyForDeploymentPostprocessing = 0;
		};
/* End PBXResourcesBuildPhase section */

/* Begin PBXSourcesBuildPhase section */
		8BEED8851A3F091400FF16F4 /* Sources */ = {
			isa = PBXSourcesBuildPhase;
			buildActionMask = 2147483647;
			files = (
				8BEED8951A3F091500FF16F4 /* ViewController.m in Sources */,
				8BEED8921A3F091500FF16F4 /* AppDelegate.m in Sources */,
				8BEED8BF1A3F7A4A00FF16F4 /* UITextViewWithMentions.m in Sources */,
				8BEED88F1A3F091500FF16F4 /* main.m in Sources */,
			);
			runOnlyForDeploymentPostprocessing = 0;
		};
		8BEED89E1A3F091500FF16F4 /* Sources */ = {
			isa = PBXSourcesBuildPhase;
			buildActionMask = 2147483647;
			files = (
				8BEED8A91A3F091500FF16F4 /* Prototype1Tests.m in Sources */,
			);
			runOnlyForDeploymentPostprocessing = 0;
		};
/* End PBXSourcesBuildPhase section */

/* Begin PBXTargetDependency section */
		8BEED8A41A3F091500FF16F4 /* PBXTargetDependency */ = {
			isa = PBXTargetDependency;
			target = 8BEED8881A3F091400FF16F4 /* Prototype1 */;
			targetProxy = 8BEED8A31A3F091500FF16F4 /* PBXContainerItemProxy */;
		};
/* End PBXTargetDependency section */

/* Begin PBXVariantGroup section */
		8BEED8961A3F091500FF16F4 /* Main.storyboard */ = {
			isa = PBXVariantGroup;
			children = (
				8BEED8971A3F091500FF16F4 /* Base */,
			);
			name = Main.storyboard;
			sourceTree = "<group>";
		};
		8BEED89B1A3F091500FF16F4 /* LaunchScreen.xib */ = {
			isa = PBXVariantGroup;
			children = (
				8BEED89C1A3F091500FF16F4 /* Base */,
			);
			name = LaunchScreen.xib;
			sourceTree = "<group>";
		};
/* End PBXVariantGroup section */

/* Begin XCBuildConfiguration section */
		8BEED8AA1A3F091500FF16F4 /* Debug */ = {
			isa = XCBuildConfiguration;
			buildSettings = {
				ALWAYS_SEARCH_USER_PATHS = NO;
				CLANG_CXX_LANGUAGE_STANDARD = "gnu++0x";
				CLANG_CXX_LIBRARY = "libc++";
				CLANG_ENABLE_MODULES = YES;
				CLANG_ENABLE_OBJC_ARC = YES;
				CLANG_WARN_BOOL_CONVERSION = YES;
				CLANG_WARN_CONSTANT_CONVERSION = YES;
				CLANG_WARN_DIRECT_OBJC_ISA_USAGE = YES_ERROR;
				CLANG_WARN_EMPTY_BODY = YES;
				CLANG_WARN_ENUM_CONVERSION = YES;
				CLANG_WARN_INT_CONVERSION = YES;
				CLANG_WARN_OBJC_ROOT_CLASS = YES_ERROR;
				CLANG_WARN_UNREACHABLE_CODE = YES;
				CLANG_WARN__DUPLICATE_METHOD_MATCH = YES;
				"CODE_SIGN_IDENTITY[sdk=iphoneos*]" = "iPhone Developer";
				COPY_PHASE_STRIP = NO;
				ENABLE_STRICT_OBJC_MSGSEND = YES;
				GCC_C_LANGUAGE_STANDARD = gnu99;
				GCC_DYNAMIC_NO_PIC = NO;
				GCC_OPTIMIZATION_LEVEL = 0;
				GCC_PREPROCESSOR_DEFINITIONS = (
					"DEBUG=1",
					"$(inherited)",
				);
				GCC_SYMBOLS_PRIVATE_EXTERN = NO;
				GCC_WARN_64_TO_32_BIT_CONVERSION = YES;
				GCC_WARN_ABOUT_RETURN_TYPE = YES_ERROR;
				GCC_WARN_UNDECLARED_SELECTOR = YES;
				GCC_WARN_UNINITIALIZED_AUTOS = YES_AGGRESSIVE;
				GCC_WARN_UNUSED_FUNCTION = YES;
				GCC_WARN_UNUSED_VARIABLE = YES;
				IPHONEOS_DEPLOYMENT_TARGET = 8.1;
				MTL_ENABLE_DEBUG_INFO = YES;
				ONLY_ACTIVE_ARCH = YES;
				SDKROOT = iphoneos;
				TARGETED_DEVICE_FAMILY = "1,2";
			};
			name = Debug;
		};
		8BEED8AB1A3F091500FF16F4 /* Release */ = {
			isa = XCBuildConfiguration;
			buildSettings = {
				ALWAYS_SEARCH_USER_PATHS = NO;
				CLANG_CXX_LANGUAGE_STANDARD = "gnu++0x";
				CLANG_CXX_LIBRARY = "libc++";
				CLANG_ENABLE_MODULES = YES;
				CLANG_ENABLE_OBJC_ARC = YES;
				CLANG_WARN_BOOL_CONVERSION = YES;
				CLANG_WARN_CONSTANT_CONVERSION = YES;
				CLANG_WARN_DIRECT_OBJC_ISA_USAGE = YES_ERROR;
				CLANG_WARN_EMPTY_BODY = YES;
				CLANG_WARN_ENUM_CONVERSION = YES;
				CLANG_WARN_INT_CONVERSION = YES;
				CLANG_WARN_OBJC_ROOT_CLASS = YES_ERROR;
				CLANG_WARN_UNREACHABLE_CODE = YES;
				CLANG_WARN__DUPLICATE_METHOD_MATCH = YES;
				"CODE_SIGN_IDENTITY[sdk=iphoneos*]" = "iPhone Developer";
				COPY_PHASE_STRIP = YES;
				ENABLE_NS_ASSERTIONS = NO;
				ENABLE_STRICT_OBJC_MSGSEND = YES;
				GCC_C_LANGUAGE_STANDARD = gnu99;
				GCC_WARN_64_TO_32_BIT_CONVERSION = YES;
				GCC_WARN_ABOUT_RETURN_TYPE = YES_ERROR;
				GCC_WARN_UNDECLARED_SELECTOR = YES;
				GCC_WARN_UNINITIALIZED_AUTOS = YES_AGGRESSIVE;
				GCC_WARN_UNUSED_FUNCTION = YES;
				GCC_WARN_UNUSED_VARIABLE = YES;
				IPHONEOS_DEPLOYMENT_TARGET = 8.1;
				MTL_ENABLE_DEBUG_INFO = NO;
				SDKROOT = iphoneos;
				TARGETED_DEVICE_FAMILY = "1,2";
				VALIDATE_PRODUCT = YES;
			};
			name = Release;
		};
		8BEED8AD1A3F091500FF16F4 /* Debug */ = {
			isa = XCBuildConfiguration;
			buildSettings = {
				ASSETCATALOG_COMPILER_APPICON_NAME = AppIcon;
				INFOPLIST_FILE = Prototype1/Info.plist;
				IPHONEOS_DEPLOYMENT_TARGET = 8.1;
				LD_RUNPATH_SEARCH_PATHS = "$(inherited) @executable_path/Frameworks";
				PRODUCT_NAME = "$(TARGET_NAME)";
			};
			name = Debug;
		};
		8BEED8AE1A3F091500FF16F4 /* Release */ = {
			isa = XCBuildConfiguration;
			buildSettings = {
				ASSETCATALOG_COMPILER_APPICON_NAME = AppIcon;
				INFOPLIST_FILE = Prototype1/Info.plist;
				IPHONEOS_DEPLOYMENT_TARGET = 8.1;
				LD_RUNPATH_SEARCH_PATHS = "$(inherited) @executable_path/Frameworks";
				PRODUCT_NAME = "$(TARGET_NAME)";
			};
			name = Release;
		};
		8BEED8B01A3F091500FF16F4 /* Debug */ = {
			isa = XCBuildConfiguration;
			buildSettings = {
				BUNDLE_LOADER = "$(TEST_HOST)";
				FRAMEWORK_SEARCH_PATHS = (
					"$(SDKROOT)/Developer/Library/Frameworks",
					"$(inherited)",
				);
				GCC_PREPROCESSOR_DEFINITIONS = (
					"DEBUG=1",
					"$(inherited)",
				);
				INFOPLIST_FILE = Prototype1Tests/Info.plist;
				LD_RUNPATH_SEARCH_PATHS = "$(inherited) @executable_path/Frameworks @loader_path/Frameworks";
				PRODUCT_NAME = "$(TARGET_NAME)";
				TEST_HOST = "$(BUILT_PRODUCTS_DIR)/Prototype1.app/Prototype1";
			};
			name = Debug;
		};
		8BEED8B11A3F091500FF16F4 /* Release */ = {
			isa = XCBuildConfiguration;
			buildSettings = {
				BUNDLE_LOADER = "$(TEST_HOST)";
				FRAMEWORK_SEARCH_PATHS = (
					"$(SDKROOT)/Developer/Library/Frameworks",
					"$(inherited)",
				);
				INFOPLIST_FILE = Prototype1Tests/Info.plist;
				LD_RUNPATH_SEARCH_PATHS = "$(inherited) @executable_path/Frameworks @loader_path/Frameworks";
				PRODUCT_NAME = "$(TARGET_NAME)";
				TEST_HOST = "$(BUILT_PRODUCTS_DIR)/Prototype1.app/Prototype1";
			};
			name = Release;
		};
/* End XCBuildConfiguration section */

/* Begin XCConfigurationList section */
		8BEED8841A3F091400FF16F4 /* Build configuration list for PBXProject "Prototype1" */ = {
			isa = XCConfigurationList;
			buildConfigurations = (
				8BEED8AA1A3F091500FF16F4 /* Debug */,
				8BEED8AB1A3F091500FF16F4 /* Release */,
			);
			defaultConfigurationIsVisible = 0;
			defaultConfigurationName = Release;
		};
		8BEED8AC1A3F091500FF16F4 /* Build configuration list for PBXNativeTarget "Prototype1" */ = {
			isa = XCConfigurationList;
			buildConfigurations = (
				8BEED8AD1A3F091500FF16F4 /* Debug */,
				8BEED8AE1A3F091500FF16F4 /* Release */,
			);
			defaultConfigurationIsVisible = 0;
		};
		8BEED8AF1A3F091500FF16F4 /* Build configuration list for PBXNativeTarget "Prototype1Tests" */ = {
			isa = XCConfigurationList;
			buildConfigurations = (
				8BEED8B01A3F091500FF16F4 /* Debug */,
				8BEED8B11A3F091500FF16F4 /* Release */,
			);
			defaultConfigurationIsVisible = 0;
		};
/* End XCConfigurationList section */
	};
	rootObject = 8BEED8811A3F091400FF16F4 /* Project object */;
}
